// !$*UTF8*$!
{
	archiveVersion = 1;
	classes = {
	};
	objectVersion = 46;
	objects = {

/* Begin PBXBuildFile section */
		170904531BF4F2530062D0B5 /* AppDelegate.swift in Sources */ = {isa = PBXBuildFile; fileRef = 170904521BF4F2530062D0B5 /* AppDelegate.swift */; };
		170904551BF4F2530062D0B5 /* ViewController.swift in Sources */ = {isa = PBXBuildFile; fileRef = 170904541BF4F2530062D0B5 /* ViewController.swift */; };
		170904581BF4F2530062D0B5 /* Main.storyboard in Resources */ = {isa = PBXBuildFile; fileRef = 170904561BF4F2530062D0B5 /* Main.storyboard */; };
		1709045B1BF4F2530062D0B5 /* NT_Mix_App.xcdatamodeld in Sources */ = {isa = PBXBuildFile; fileRef = 170904591BF4F2530062D0B5 /* NT_Mix_App.xcdatamodeld */; };
		1709045D1BF4F2530062D0B5 /* Assets.xcassets in Resources */ = {isa = PBXBuildFile; fileRef = 1709045C1BF4F2530062D0B5 /* Assets.xcassets */; };
		170904601BF4F2530062D0B5 /* LaunchScreen.storyboard in Resources */ = {isa = PBXBuildFile; fileRef = 1709045E1BF4F2530062D0B5 /* LaunchScreen.storyboard */; };
		1709046B1BF4F2530062D0B5 /* NT_Mix_AppTests.swift in Sources */ = {isa = PBXBuildFile; fileRef = 1709046A1BF4F2530062D0B5 /* NT_Mix_AppTests.swift */; };
		170904761BF4F2530062D0B5 /* NT_Mix_AppUITests.swift in Sources */ = {isa = PBXBuildFile; fileRef = 170904751BF4F2530062D0B5 /* NT_Mix_AppUITests.swift */; };
/* End PBXBuildFile section */

/* Begin PBXContainerItemProxy section */
		170904671BF4F2530062D0B5 /* PBXContainerItemProxy */ = {
			isa = PBXContainerItemProxy;
			containerPortal = 170904471BF4F2530062D0B5 /* Project object */;
			proxyType = 1;
			remoteGlobalIDString = 1709044E1BF4F2530062D0B5;
			remoteInfo = "NT Mix App";
		};
		170904721BF4F2530062D0B5 /* PBXContainerItemProxy */ = {
			isa = PBXContainerItemProxy;
			containerPortal = 170904471BF4F2530062D0B5 /* Project object */;
			proxyType = 1;
			remoteGlobalIDString = 1709044E1BF4F2530062D0B5;
			remoteInfo = "NT Mix App";
		};
/* End PBXContainerItemProxy section */

/* Begin PBXFileReference section */
		1709044F1BF4F2530062D0B5 /* NT Mix App.app */ = {isa = PBXFileReference; explicitFileType = wrapper.application; includeInIndex = 0; path = "NT Mix App.app"; sourceTree = BUILT_PRODUCTS_DIR; };
		170904521BF4F2530062D0B5 /* AppDelegate.swift */ = {isa = PBXFileReference; lastKnownFileType = sourcecode.swift; path = AppDelegate.swift; sourceTree = "<group>"; };
		170904541BF4F2530062D0B5 /* ViewController.swift */ = {isa = PBXFileReference; lastKnownFileType = sourcecode.swift; path = ViewController.swift; sourceTree = "<group>"; };
		170904571BF4F2530062D0B5 /* Base */ = {isa = PBXFileReference; lastKnownFileType = file.storyboard; name = Base; path = Base.lproj/Main.storyboard; sourceTree = "<group>"; };
		1709045A1BF4F2530062D0B5 /* NT_Mix_App.xcdatamodel */ = {isa = PBXFileReference; lastKnownFileType = wrapper.xcdatamodel; path = NT_Mix_App.xcdatamodel; sourceTree = "<group>"; };
		1709045C1BF4F2530062D0B5 /* Assets.xcassets */ = {isa = PBXFileReference; lastKnownFileType = folder.assetcatalog; path = Assets.xcassets; sourceTree = "<group>"; };
		1709045F1BF4F2530062D0B5 /* Base */ = {isa = PBXFileReference; lastKnownFileType = file.storyboard; name = Base; path = Base.lproj/LaunchScreen.storyboard; sourceTree = "<group>"; };
		170904611BF4F2530062D0B5 /* Info.plist */ = {isa = PBXFileReference; lastKnownFileType = text.plist.xml; path = Info.plist; sourceTree = "<group>"; };
		170904661BF4F2530062D0B5 /* NT Mix AppTests.xctest */ = {isa = PBXFileReference; explicitFileType = wrapper.cfbundle; includeInIndex = 0; path = "NT Mix AppTests.xctest"; sourceTree = BUILT_PRODUCTS_DIR; };
		1709046A1BF4F2530062D0B5 /* NT_Mix_AppTests.swift */ = {isa = PBXFileReference; lastKnownFileType = sourcecode.swift; path = NT_Mix_AppTests.swift; sourceTree = "<group>"; };
		1709046C1BF4F2530062D0B5 /* Info.plist */ = {isa = PBXFileReference; lastKnownFileType = text.plist.xml; path = Info.plist; sourceTree = "<group>"; };
		170904711BF4F2530062D0B5 /* NT Mix AppUITests.xctest */ = {isa = PBXFileReference; explicitFileType = wrapper.cfbundle; includeInIndex = 0; path = "NT Mix AppUITests.xctest"; sourceTree = BUILT_PRODUCTS_DIR; };
		170904751BF4F2530062D0B5 /* NT_Mix_AppUITests.swift */ = {isa = PBXFileReference; lastKnownFileType = sourcecode.swift; path = NT_Mix_AppUITests.swift; sourceTree = "<group>"; };
		170904771BF4F2530062D0B5 /* Info.plist */ = {isa = PBXFileReference; lastKnownFileType = text.plist.xml; path = Info.plist; sourceTree = "<group>"; };
/* End PBXFileReference section */

/* Begin PBXFrameworksBuildPhase section */
		1709044C1BF4F2530062D0B5 /* Frameworks */ = {
			isa = PBXFrameworksBuildPhase;
			buildActionMask = 2147483647;
			files = (
			);
			runOnlyForDeploymentPostprocessing = 0;
		};
		170904631BF4F2530062D0B5 /* Frameworks */ = {
			isa = PBXFrameworksBuildPhase;
			buildActionMask = 2147483647;
			files = (
			);
			runOnlyForDeploymentPostprocessing = 0;
		};
		1709046E1BF4F2530062D0B5 /* Frameworks */ = {
			isa = PBXFrameworksBuildPhase;
			buildActionMask = 2147483647;
			files = (
			);
			runOnlyForDeploymentPostprocessing = 0;
		};
/* End PBXFrameworksBuildPhase section */

/* Begin PBXGroup section */
		170904461BF4F2530062D0B5 = {
			isa = PBXGroup;
			children = (
				170904511BF4F2530062D0B5 /* NT Mix App */,
				170904691BF4F2530062D0B5 /* NT Mix AppTests */,
				170904741BF4F2530062D0B5 /* NT Mix AppUITests */,
				170904501BF4F2530062D0B5 /* Products */,
			);
			sourceTree = "<group>";
		};
		170904501BF4F2530062D0B5 /* Products */ = {
			isa = PBXGroup;
			children = (
				1709044F1BF4F2530062D0B5 /* NT Mix App.app */,
				170904661BF4F2530062D0B5 /* NT Mix AppTests.xctest */,
				170904711BF4F2530062D0B5 /* NT Mix AppUITests.xctest */,
			);
			name = Products;
			sourceTree = "<group>";
		};
		170904511BF4F2530062D0B5 /* NT Mix App */ = {
			isa = PBXGroup;
			children = (
				170904521BF4F2530062D0B5 /* AppDelegate.swift */,
				170904541BF4F2530062D0B5 /* ViewController.swift */,
				170904561BF4F2530062D0B5 /* Main.storyboard */,
				1709045C1BF4F2530062D0B5 /* Assets.xcassets */,
				1709045E1BF4F2530062D0B5 /* LaunchScreen.storyboard */,
				170904611BF4F2530062D0B5 /* Info.plist */,
				170904591BF4F2530062D0B5 /* NT_Mix_App.xcdatamodeld */,
			);
			path = "NT Mix App";
			sourceTree = "<group>";
		};
		170904691BF4F2530062D0B5 /* NT Mix AppTests */ = {
			isa = PBXGroup;
			children = (
				1709046A1BF4F2530062D0B5 /* NT_Mix_AppTests.swift */,
				1709046C1BF4F2530062D0B5 /* Info.plist */,
			);
			path = "NT Mix AppTests";
			sourceTree = "<group>";
		};
		170904741BF4F2530062D0B5 /* NT Mix AppUITests */ = {
			isa = PBXGroup;
			children = (
				170904751BF4F2530062D0B5 /* NT_Mix_AppUITests.swift */,
				170904771BF4F2530062D0B5 /* Info.plist */,
			);
			path = "NT Mix AppUITests";
			sourceTree = "<group>";
		};
/* End PBXGroup section */

/* Begin PBXNativeTarget section */
		1709044E1BF4F2530062D0B5 /* NT Mix App */ = {
			isa = PBXNativeTarget;
			buildConfigurationList = 1709047A1BF4F2530062D0B5 /* Build configuration list for PBXNativeTarget "NT Mix App" */;
			buildPhases = (
				1709044B1BF4F2530062D0B5 /* Sources */,
				1709044C1BF4F2530062D0B5 /* Frameworks */,
				1709044D1BF4F2530062D0B5 /* Resources */,
			);
			buildRules = (
			);
			dependencies = (
			);
			name = "NT Mix App";
			productName = "NT Mix App";
			productReference = 1709044F1BF4F2530062D0B5 /* NT Mix App.app */;
			productType = "com.apple.product-type.application";
		};
		170904651BF4F2530062D0B5 /* NT Mix AppTests */ = {
			isa = PBXNativeTarget;
			buildConfigurationList = 1709047D1BF4F2530062D0B5 /* Build configuration list for PBXNativeTarget "NT Mix AppTests" */;
			buildPhases = (
				170904621BF4F2530062D0B5 /* Sources */,
				170904631BF4F2530062D0B5 /* Frameworks */,
				170904641BF4F2530062D0B5 /* Resources */,
			);
			buildRules = (
			);
			dependencies = (
				170904681BF4F2530062D0B5 /* PBXTargetDependency */,
			);
			name = "NT Mix AppTests";
			productName = "NT Mix AppTests";
			productReference = 170904661BF4F2530062D0B5 /* NT Mix AppTests.xctest */;
			productType = "com.apple.product-type.bundle.unit-test";
		};
		170904701BF4F2530062D0B5 /* NT Mix AppUITests */ = {
			isa = PBXNativeTarget;
			buildConfigurationList = 170904801BF4F2530062D0B5 /* Build configuration list for PBXNativeTarget "NT Mix AppUITests" */;
			buildPhases = (
				1709046D1BF4F2530062D0B5 /* Sources */,
				1709046E1BF4F2530062D0B5 /* Frameworks */,
				1709046F1BF4F2530062D0B5 /* Resources */,
			);
			buildRules = (
			);
			dependencies = (
				170904731BF4F2530062D0B5 /* PBXTargetDependency */,
			);
			name = "NT Mix AppUITests";
			productName = "NT Mix AppUITests";
			productReference = 170904711BF4F2530062D0B5 /* NT Mix AppUITests.xctest */;
			productType = "com.apple.product-type.bundle.ui-testing";
		};
/* End PBXNativeTarget section */

/* Begin PBXProject section */
		170904471BF4F2530062D0B5 /* Project object */ = {
			isa = PBXProject;
			attributes = {
				LastSwiftUpdateCheck = 0710;
				LastUpgradeCheck = 0710;
				ORGANIZATIONNAME = "Jeremy Skrdlant";
				TargetAttributes = {
					1709044E1BF4F2530062D0B5 = {
						CreatedOnToolsVersion = 7.1;
					};
					170904651BF4F2530062D0B5 = {
						CreatedOnToolsVersion = 7.1;
						TestTargetID = 1709044E1BF4F2530062D0B5;
					};
					170904701BF4F2530062D0B5 = {
						CreatedOnToolsVersion = 7.1;
						TestTargetID = 1709044E1BF4F2530062D0B5;
					};
				};
			};
			buildConfigurationList = 1709044A1BF4F2530062D0B5 /* Build configuration list for PBXProject "NT Mix App" */;
			compatibilityVersion = "Xcode 3.2";
			developmentRegion = English;
			hasScannedForEncodings = 0;
			knownRegions = (
				en,
				Base,
			);
			mainGroup = 170904461BF4F2530062D0B5;
			productRefGroup = 170904501BF4F2530062D0B5 /* Products */;
			projectDirPath = "";
			projectRoot = "";
			targets = (
				1709044E1BF4F2530062D0B5 /* NT Mix App */,
				170904651BF4F2530062D0B5 /* NT Mix AppTests */,
				170904701BF4F2530062D0B5 /* NT Mix AppUITests */,
			);
		};
/* End PBXProject section */

/* Begin PBXResourcesBuildPhase section */
		1709044D1BF4F2530062D0B5 /* Resources */ = {
			isa = PBXResourcesBuildPhase;
			buildActionMask = 2147483647;
			files = (
				170904601BF4F2530062D0B5 /* LaunchScreen.storyboard in Resources */,
				1709045D1BF4F2530062D0B5 /* Assets.xcassets in Resources */,
				170904581BF4F2530062D0B5 /* Main.storyboard in Resources */,
			);
			runOnlyForDeploymentPostprocessing = 0;
		};
		170904641BF4F2530062D0B5 /* Resources */ = {
			isa = PBXResourcesBuildPhase;
			buildActionMask = 2147483647;
			files = (
			);
			runOnlyForDeploymentPostprocessing = 0;
		};
		1709046F1BF4F2530062D0B5 /* Resources */ = {
			isa = PBXResourcesBuildPhase;
			buildActionMask = 2147483647;
			files = (
			);
			runOnlyForDeploymentPostprocessing = 0;
		};
/* End PBXResourcesBuildPhase section */

/* Begin PBXSourcesBuildPhase section */
		1709044B1BF4F2530062D0B5 /* Sources */ = {
			isa = PBXSourcesBuildPhase;
			buildActionMask = 2147483647;
			files = (
				170904551BF4F2530062D0B5 /* ViewController.swift in Sources */,
				170904531BF4F2530062D0B5 /* AppDelegate.swift in Sources */,
				1709045B1BF4F2530062D0B5 /* NT_Mix_App.xcdatamodeld in Sources */,
			);
			runOnlyForDeploymentPostprocessing = 0;
		};
		170904621BF4F2530062D0B5 /* Sources */ = {
			isa = PBXSourcesBuildPhase;
			buildActionMask = 2147483647;
			files = (
				1709046B1BF4F2530062D0B5 /* NT_Mix_AppTests.swift in Sources */,
			);
			runOnlyForDeploymentPostprocessing = 0;
		};
		1709046D1BF4F2530062D0B5 /* Sources */ = {
			isa = PBXSourcesBuildPhase;
			buildActionMask = 2147483647;
			files = (
				170904761BF4F2530062D0B5 /* NT_Mix_AppUITests.swift in Sources */,
			);
			runOnlyForDeploymentPostprocessing = 0;
		};
/* End PBXSourcesBuildPhase section */

/* Begin PBXTargetDependency section */
		170904681BF4F2530062D0B5 /* PBXTargetDependency */ = {
			isa = PBXTargetDependency;
			target = 1709044E1BF4F2530062D0B5 /* NT Mix App */;
			targetProxy = 170904671BF4F2530062D0B5 /* PBXContainerItemProxy */;
		};
		170904731BF4F2530062D0B5 /* PBXTargetDependency */ = {
			isa = PBXTargetDependency;
			target = 1709044E1BF4F2530062D0B5 /* NT Mix App */;
			targetProxy = 170904721BF4F2530062D0B5 /* PBXContainerItemProxy */;
		};
/* End PBXTargetDependency section */

/* Begin PBXVariantGroup section */
		170904561BF4F2530062D0B5 /* Main.storyboard */ = {
			isa = PBXVariantGroup;
			children = (
				170904571BF4F2530062D0B5 /* Base */,
			);
			name = Main.storyboard;
			sourceTree = "<group>";
		};
		1709045E1BF4F2530062D0B5 /* LaunchScreen.storyboard */ = {
			isa = PBXVariantGroup;
			children = (
				1709045F1BF4F2530062D0B5 /* Base */,
			);
			name = LaunchScreen.storyboard;
			sourceTree = "<group>";
		};
/* End PBXVariantGroup section */

/* Begin XCBuildConfiguration section */
		170904781BF4F2530062D0B5 /* Debug */ = {
			isa = XCBuildConfiguration;
			buildSettings = {
				ALWAYS_SEARCH_USER_PATHS = NO;
				CLANG_CXX_LANGUAGE_STANDARD = "gnu++0x";
				CLANG_CXX_LIBRARY = "libc++";
				CLANG_ENABLE_MODULES = YES;
				CLANG_ENABLE_OBJC_ARC = YES;
				CLANG_WARN_BOOL_CONVERSION = YES;
				CLANG_WARN_CONSTANT_CONVERSION = YES;
				CLANG_WARN_DIRECT_OBJC_ISA_USAGE = YES_ERROR;
				CLANG_WARN_EMPTY_BODY = YES;
				CLANG_WARN_ENUM_CONVERSION = YES;
				CLANG_WARN_INT_CONVERSION = YES;
				CLANG_WARN_OBJC_ROOT_CLASS = YES_ERROR;
				CLANG_WARN_UNREACHABLE_CODE = YES;
				CLANG_WARN__DUPLICATE_METHOD_MATCH = YES;
				"CODE_SIGN_IDENTITY[sdk=iphoneos*]" = "iPhone Developer";
				COPY_PHASE_STRIP = NO;
				DEBUG_INFORMATION_FORMAT = dwarf;
				ENABLE_STRICT_OBJC_MSGSEND = YES;
				ENABLE_TESTABILITY = YES;
				GCC_C_LANGUAGE_STANDARD = gnu99;
				GCC_DYNAMIC_NO_PIC = NO;
				GCC_NO_COMMON_BLOCKS = YES;
				GCC_OPTIMIZATION_LEVEL = 0;
				GCC_PREPROCESSOR_DEFINITIONS = (
					"DEBUG=1",
					"$(inherited)",
				);
				GCC_WARN_64_TO_32_BIT_CONVERSION = YES;
				GCC_WARN_ABOUT_RETURN_TYPE = YES_ERROR;
				GCC_WARN_UNDECLARED_SELECTOR = YES;
				GCC_WARN_UNINITIALIZED_AUTOS = YES_AGGRESSIVE;
				GCC_WARN_UNUSED_FUNCTION = YES;
				GCC_WARN_UNUSED_VARIABLE = YES;
				IPHONEOS_DEPLOYMENT_TARGET = 9.1;
				MTL_ENABLE_DEBUG_INFO = YES;
				ONLY_ACTIVE_ARCH = YES;
				SDKROOT = iphoneos;
				SWIFT_OPTIMIZATION_LEVEL = "-Onone";
				TARGETED_DEVICE_FAMILY = "1,2";
			};
			name = Debug;
		};
		170904791BF4F2530062D0B5 /* Release */ = {
			isa = XCBuildConfiguration;
			buildSettings = {
				ALWAYS_SEARCH_USER_PATHS = NO;
				CLANG_CXX_LANGUAGE_STANDARD = "gnu++0x";
				CLANG_CXX_LIBRARY = "libc++";
				CLANG_ENABLE_MODULES = YES;
				CLANG_ENABLE_OBJC_ARC = YES;
				CLANG_WARN_BOOL_CONVERSION = YES;
				CLANG_WARN_CONSTANT_CONVERSION = YES;
				CLANG_WARN_DIRECT_OBJC_ISA_USAGE = YES_ERROR;
				CLANG_WARN_EMPTY_BODY = YES;
				CLANG_WARN_ENUM_CONVERSION = YES;
				CLANG_WARN_INT_CONVERSION = YES;
				CLANG_WARN_OBJC_ROOT_CLASS = YES_ERROR;
				CLANG_WARN_UNREACHABLE_CODE = YES;
				CLANG_WARN__DUPLICATE_METHOD_MATCH = YES;
				"CODE_SIGN_IDENTITY[sdk=iphoneos*]" = "iPhone Developer";
				COPY_PHASE_STRIP = NO;
				DEBUG_INFORMATION_FORMAT = "dwarf-with-dsym";
				ENABLE_NS_ASSERTIONS = NO;
				ENABLE_STRICT_OBJC_MSGSEND = YES;
				GCC_C_LANGUAGE_STANDARD = gnu99;
				GCC_NO_COMMON_BLOCKS = YES;
				GCC_WARN_64_TO_32_BIT_CONVERSION = YES;
				GCC_WARN_ABOUT_RETURN_TYPE = YES_ERROR;
				GCC_WARN_UNDECLARED_SELECTOR = YES;
				GCC_WARN_UNINITIALIZED_AUTOS = YES_AGGRESSIVE;
				GCC_WARN_UNUSED_FUNCTION = YES;
				GCC_WARN_UNUSED_VARIABLE = YES;
				IPHONEOS_DEPLOYMENT_TARGET = 9.1;
				MTL_ENABLE_DEBUG_INFO = NO;
				SDKROOT = iphoneos;
				TARGETED_DEVICE_FAMILY = "1,2";
				VALIDATE_PRODUCT = YES;
			};
			name = Release;
		};
		1709047B1BF4F2530062D0B5 /* Debug */ = {
			isa = XCBuildConfiguration;
			buildSettings = {
				ASSETCATALOG_COMPILER_APPICON_NAME = AppIcon;
				INFOPLIST_FILE = "NT Mix App/Info.plist";
				LD_RUNPATH_SEARCH_PATHS = "$(inherited) @executable_path/Frameworks";
				PRODUCT_BUNDLE_IDENTIFIER = "nwktc.NT-Mix-App";
				PRODUCT_NAME = "$(TARGET_NAME)";
			};
			name = Debug;
		};
		1709047C1BF4F2530062D0B5 /* Release */ = {
			isa = XCBuildConfiguration;
			buildSettings = {
				ASSETCATALOG_COMPILER_APPICON_NAME = AppIcon;
				INFOPLIST_FILE = "NT Mix App/Info.plist";
				LD_RUNPATH_SEARCH_PATHS = "$(inherited) @executable_path/Frameworks";
				PRODUCT_BUNDLE_IDENTIFIER = "nwktc.NT-Mix-App";
				PRODUCT_NAME = "$(TARGET_NAME)";
			};
			name = Release;
		};
		1709047E1BF4F2530062D0B5 /* Debug */ = {
			isa = XCBuildConfiguration;
			buildSettings = {
				BUNDLE_LOADER = "$(TEST_HOST)";
				INFOPLIST_FILE = "NT Mix AppTests/Info.plist";
				LD_RUNPATH_SEARCH_PATHS = "$(inherited) @executable_path/Frameworks @loader_path/Frameworks";
				PRODUCT_BUNDLE_IDENTIFIER = "nwktc.NT-Mix-AppTests";
				PRODUCT_NAME = "$(TARGET_NAME)";
				TEST_HOST = "$(BUILT_PRODUCTS_DIR)/NT Mix App.app/NT Mix App";
			};
			name = Debug;
		};
		1709047F1BF4F2530062D0B5 /* Release */ = {
			isa = XCBuildConfiguration;
			buildSettings = {
				BUNDLE_LOADER = "$(TEST_HOST)";
				INFOPLIST_FILE = "NT Mix AppTests/Info.plist";
				LD_RUNPATH_SEARCH_PATHS = "$(inherited) @executable_path/Frameworks @loader_path/Frameworks";
				PRODUCT_BUNDLE_IDENTIFIER = "nwktc.NT-Mix-AppTests";
				PRODUCT_NAME = "$(TARGET_NAME)";
				TEST_HOST = "$(BUILT_PRODUCTS_DIR)/NT Mix App.app/NT Mix App";
			};
			name = Release;
		};
		170904811BF4F2530062D0B5 /* Debug */ = {
			isa = XCBuildConfiguration;
			buildSettings = {
				INFOPLIST_FILE = "NT Mix AppUITests/Info.plist";
				LD_RUNPATH_SEARCH_PATHS = "$(inherited) @executable_path/Frameworks @loader_path/Frameworks";
				PRODUCT_BUNDLE_IDENTIFIER = "nwktc.NT-Mix-AppUITests";
				PRODUCT_NAME = "$(TARGET_NAME)";
				TEST_TARGET_NAME = "NT Mix App";
				USES_XCTRUNNER = YES;
			};
			name = Debug;
		};
		170904821BF4F2530062D0B5 /* Release */ = {
			isa = XCBuildConfiguration;
			buildSettings = {
				INFOPLIST_FILE = "NT Mix AppUITests/Info.plist";
				LD_RUNPATH_SEARCH_PATHS = "$(inherited) @executable_path/Frameworks @loader_path/Frameworks";
				PRODUCT_BUNDLE_IDENTIFIER = "nwktc.NT-Mix-AppUITests";
				PRODUCT_NAME = "$(TARGET_NAME)";
				TEST_TARGET_NAME = "NT Mix App";
				USES_XCTRUNNER = YES;
			};
			name = Release;
		};
/* End XCBuildConfiguration section */

/* Begin XCConfigurationList section */
		1709044A1BF4F2530062D0B5 /* Build configuration list for PBXProject "NT Mix App" */ = {
			isa = XCConfigurationList;
			buildConfigurations = (
				170904781BF4F2530062D0B5 /* Debug */,
				170904791BF4F2530062D0B5 /* Release */,
			);
			defaultConfigurationIsVisible = 0;
			defaultConfigurationName = Release;
		};
		1709047A1BF4F2530062D0B5 /* Build configuration list for PBXNativeTarget "NT Mix App" */ = {
			isa = XCConfigurationList;
			buildConfigurations = (
				1709047B1BF4F2530062D0B5 /* Debug */,
				1709047C1BF4F2530062D0B5 /* Release */,
			);
			defaultConfigurationIsVisible = 0;
		};
		1709047D1BF4F2530062D0B5 /* Build configuration list for PBXNativeTarget "NT Mix AppTests" */ = {
			isa = XCConfigurationList;
			buildConfigurations = (
				1709047E1BF4F2530062D0B5 /* Debug */,
				1709047F1BF4F2530062D0B5 /* Release */,
			);
			defaultConfigurationIsVisible = 0;
		};
		170904801BF4F2530062D0B5 /* Build configuration list for PBXNativeTarget "NT Mix AppUITests" */ = {
			isa = XCConfigurationList;
			buildConfigurations = (
				170904811BF4F2530062D0B5 /* Debug */,
				170904821BF4F2530062D0B5 /* Release */,
			);
			defaultConfigurationIsVisible = 0;
		};
/* End XCConfigurationList section */

/* Begin XCVersionGroup section */
		170904591BF4F2530062D0B5 /* NT_Mix_App.xcdatamodeld */ = {
			isa = XCVersionGroup;
			children = (
				1709045A1BF4F2530062D0B5 /* NT_Mix_App.xcdatamodel */,
			);
			currentVersion = 1709045A1BF4F2530062D0B5 /* NT_Mix_App.xcdatamodel */;
			path = NT_Mix_App.xcdatamodeld;
			sourceTree = "<group>";
			versionGroupType = wrapper.xcdatamodel;
		};
/* End XCVersionGroup section */
	};
	rootObject = 170904471BF4F2530062D0B5 /* Project object */;
}
